// !$*UTF8*$!
{
	archiveVersion = 1;
	classes = {
	};
	objectVersion = 50;
	objects = {

/* Begin PBXBuildFile section */
		6B0ABE01221BC87F003901CF /* AppDelegate.swift in Sources */ = {isa = PBXBuildFile; fileRef = 6B0ABE00221BC87F003901CF /* AppDelegate.swift */; };
		6B0ABE06221BC87F003901CF /* Main.storyboard in Resources */ = {isa = PBXBuildFile; fileRef = 6B0ABE04221BC87F003901CF /* Main.storyboard */; };
		6B0ABE08221BC881003901CF /* Assets.xcassets in Resources */ = {isa = PBXBuildFile; fileRef = 6B0ABE07221BC881003901CF /* Assets.xcassets */; };
		6B0ABE0B221BC881003901CF /* LaunchScreen.storyboard in Resources */ = {isa = PBXBuildFile; fileRef = 6B0ABE09221BC881003901CF /* LaunchScreen.storyboard */; };
		6B0ABE13221BC8BD003901CF /* PhotosViewController.swift in Sources */ = {isa = PBXBuildFile; fileRef = 6B0ABE12221BC8BD003901CF /* PhotosViewController.swift */; };
		6B0ABE1B221BD502003901CF /* PhotoCell.swift in Sources */ = {isa = PBXBuildFile; fileRef = 6B0ABE1A221BD502003901CF /* PhotoCell.swift */; };
		6B242864222867EA005EDBF4 /* PhotoDetailsViewController.swift in Sources */ = {isa = PBXBuildFile; fileRef = 6B242863222867EA005EDBF4 /* PhotoDetailsViewController.swift */; };
		910502550591E258F5C426D5 /* Pods_TumblrClone.framework in Frameworks */ = {isa = PBXBuildFile; fileRef = 142A81FA03671DEEFAEE0438 /* Pods_TumblrClone.framework */; };
/* End PBXBuildFile section */

/* Begin PBXFileReference section */
		142A81FA03671DEEFAEE0438 /* Pods_TumblrClone.framework */ = {isa = PBXFileReference; explicitFileType = wrapper.framework; includeInIndex = 0; path = Pods_TumblrClone.framework; sourceTree = BUILT_PRODUCTS_DIR; };
		6B0ABDFD221BC87F003901CF /* TumblrClone.app */ = {isa = PBXFileReference; explicitFileType = wrapper.application; includeInIndex = 0; path = TumblrClone.app; sourceTree = BUILT_PRODUCTS_DIR; };
		6B0ABE00221BC87F003901CF /* AppDelegate.swift */ = {isa = PBXFileReference; lastKnownFileType = sourcecode.swift; path = AppDelegate.swift; sourceTree = "<group>"; };
		6B0ABE05221BC87F003901CF /* Base */ = {isa = PBXFileReference; lastKnownFileType = file.storyboard; name = Base; path = Base.lproj/Main.storyboard; sourceTree = "<group>"; };
		6B0ABE07221BC881003901CF /* Assets.xcassets */ = {isa = PBXFileReference; lastKnownFileType = folder.assetcatalog; path = Assets.xcassets; sourceTree = "<group>"; };
		6B0ABE0A221BC881003901CF /* Base */ = {isa = PBXFileReference; lastKnownFileType = file.storyboard; name = Base; path = Base.lproj/LaunchScreen.storyboard; sourceTree = "<group>"; };
		6B0ABE0C221BC881003901CF /* Info.plist */ = {isa = PBXFileReference; lastKnownFileType = text.plist.xml; path = Info.plist; sourceTree = "<group>"; };
		6B0ABE12221BC8BD003901CF /* PhotosViewController.swift */ = {isa = PBXFileReference; lastKnownFileType = sourcecode.swift; path = PhotosViewController.swift; sourceTree = "<group>"; };
		6B0ABE1A221BD502003901CF /* PhotoCell.swift */ = {isa = PBXFileReference; lastKnownFileType = sourcecode.swift; path = PhotoCell.swift; sourceTree = "<group>"; };
		6B242863222867EA005EDBF4 /* PhotoDetailsViewController.swift */ = {isa = PBXFileReference; lastKnownFileType = sourcecode.swift; path = PhotoDetailsViewController.swift; sourceTree = "<group>"; };
		C1BE69AA3E479CF25F425AE0 /* Pods-TumblrClone.release.xcconfig */ = {isa = PBXFileReference; includeInIndex = 1; lastKnownFileType = text.xcconfig; name = "Pods-TumblrClone.release.xcconfig"; path = "Target Support Files/Pods-TumblrClone/Pods-TumblrClone.release.xcconfig"; sourceTree = "<group>"; };
		FF775743314CF4D76924616E /* Pods-TumblrClone.debug.xcconfig */ = {isa = PBXFileReference; includeInIndex = 1; lastKnownFileType = text.xcconfig; name = "Pods-TumblrClone.debug.xcconfig"; path = "Target Support Files/Pods-TumblrClone/Pods-TumblrClone.debug.xcconfig"; sourceTree = "<group>"; };
/* End PBXFileReference section */

/* Begin PBXFrameworksBuildPhase section */
		6B0ABDFA221BC87F003901CF /* Frameworks */ = {
			isa = PBXFrameworksBuildPhase;
			buildActionMask = 2147483647;
			files = (
				910502550591E258F5C426D5 /* Pods_TumblrClone.framework in Frameworks */,
			);
			runOnlyForDeploymentPostprocessing = 0;
		};
/* End PBXFrameworksBuildPhase section */

/* Begin PBXGroup section */
		1DBD9AEF21452663EF048691 /* Frameworks */ = {
			isa = PBXGroup;
			children = (
				142A81FA03671DEEFAEE0438 /* Pods_TumblrClone.framework */,
			);
			name = Frameworks;
			sourceTree = "<group>";
		};
		6B0ABDF4221BC87F003901CF = {
			isa = PBXGroup;
			children = (
				6B0ABDFF221BC87F003901CF /* TumblrClone */,
				6B0ABDFE221BC87F003901CF /* Products */,
				AD87A32089DD43019D62235E /* Pods */,
				1DBD9AEF21452663EF048691 /* Frameworks */,
			);
			sourceTree = "<group>";
		};
		6B0ABDFE221BC87F003901CF /* Products */ = {
			isa = PBXGroup;
			children = (
				6B0ABDFD221BC87F003901CF /* TumblrClone.app */,
			);
			name = Products;
			sourceTree = "<group>";
		};
		6B0ABDFF221BC87F003901CF /* TumblrClone */ = {
			isa = PBXGroup;
			children = (
				6B0ABE00221BC87F003901CF /* AppDelegate.swift */,
				6B0ABE1A221BD502003901CF /* PhotoCell.swift */,
				6B0ABE12221BC8BD003901CF /* PhotosViewController.swift */,
				6B242863222867EA005EDBF4 /* PhotoDetailsViewController.swift */,
				6B0ABE04221BC87F003901CF /* Main.storyboard */,
				6B0ABE07221BC881003901CF /* Assets.xcassets */,
				6B0ABE09221BC881003901CF /* LaunchScreen.storyboard */,
				6B0ABE0C221BC881003901CF /* Info.plist */,
			);
			path = TumblrClone;
			sourceTree = "<group>";
		};
		AD87A32089DD43019D62235E /* Pods */ = {
			isa = PBXGroup;
			children = (
				FF775743314CF4D76924616E /* Pods-TumblrClone.debug.xcconfig */,
				C1BE69AA3E479CF25F425AE0 /* Pods-TumblrClone.release.xcconfig */,
			);
			path = Pods;
			sourceTree = "<group>";
		};
/* End PBXGroup section */

/* Begin PBXNativeTarget section */
		6B0ABDFC221BC87F003901CF /* TumblrClone */ = {
			isa = PBXNativeTarget;
			buildConfigurationList = 6B0ABE0F221BC881003901CF /* Build configuration list for PBXNativeTarget "TumblrClone" */;
			buildPhases = (
				84CD604771A9D9C72F31F6E3 /* [CP] Check Pods Manifest.lock */,
				6B0ABDF9221BC87F003901CF /* Sources */,
				6B0ABDFA221BC87F003901CF /* Frameworks */,
				6B0ABDFB221BC87F003901CF /* Resources */,
				E99A075D3F180D9D73650A64 /* [CP] Embed Pods Frameworks */,
			);
			buildRules = (
			);
			dependencies = (
			);
			name = TumblrClone;
			productName = TumblrClone;
			productReference = 6B0ABDFD221BC87F003901CF /* TumblrClone.app */;
			productType = "com.apple.product-type.application";
		};
/* End PBXNativeTarget section */

/* Begin PBXProject section */
		6B0ABDF5221BC87F003901CF /* Project object */ = {
			isa = PBXProject;
			attributes = {
				LastSwiftUpdateCheck = 1010;
				LastUpgradeCheck = 1010;
				ORGANIZATIONNAME = "Albert Gertskis";
				TargetAttributes = {
					6B0ABDFC221BC87F003901CF = {
						CreatedOnToolsVersion = 10.1;
					};
				};
			};
			buildConfigurationList = 6B0ABDF8221BC87F003901CF /* Build configuration list for PBXProject "TumblrClone" */;
			compatibilityVersion = "Xcode 9.3";
			developmentRegion = en;
			hasScannedForEncodings = 0;
			knownRegions = (
				en,
				Base,
			);
			mainGroup = 6B0ABDF4221BC87F003901CF;
			productRefGroup = 6B0ABDFE221BC87F003901CF /* Products */;
			projectDirPath = "";
			projectRoot = "";
			targets = (
				6B0ABDFC221BC87F003901CF /* TumblrClone */,
			);
		};
/* End PBXProject section */

/* Begin PBXResourcesBuildPhase section */
		6B0ABDFB221BC87F003901CF /* Resources */ = {
			isa = PBXResourcesBuildPhase;
			buildActionMask = 2147483647;
			files = (
				6B0ABE0B221BC881003901CF /* LaunchScreen.storyboard in Resources */,
				6B0ABE08221BC881003901CF /* Assets.xcassets in Resources */,
				6B0ABE06221BC87F003901CF /* Main.storyboard in Resources */,
			);
			runOnlyForDeploymentPostprocessing = 0;
		};
/* End PBXResourcesBuildPhase section */

/* Begin PBXShellScriptBuildPhase section */
		84CD604771A9D9C72F31F6E3 /* [CP] Check Pods Manifest.lock */ = {
			isa = PBXShellScriptBuildPhase;
			buildActionMask = 2147483647;
			files = (
			);
			inputFileListPaths = (
			);
			inputPaths = (
				"${PODS_PODFILE_DIR_PATH}/Podfile.lock",
				"${PODS_ROOT}/Manifest.lock",
			);
			name = "[CP] Check Pods Manifest.lock";
			outputFileListPaths = (
			);
			outputPaths = (
				"$(DERIVED_FILE_DIR)/Pods-TumblrClone-checkManifestLockResult.txt",
			);
			runOnlyForDeploymentPostprocessing = 0;
			shellPath = /bin/sh;
			shellScript = "diff \"${PODS_PODFILE_DIR_PATH}/Podfile.lock\" \"${PODS_ROOT}/Manifest.lock\" > /dev/null\nif [ $? != 0 ] ; then\n    # print error to STDERR\n    echo \"error: The sandbox is not in sync with the Podfile.lock. Run 'pod install' or update your CocoaPods installation.\" >&2\n    exit 1\nfi\n# This output is used by Xcode 'outputs' to avoid re-running this script phase.\necho \"SUCCESS\" > \"${SCRIPT_OUTPUT_FILE_0}\"\n";
			showEnvVarsInLog = 0;
		};
		E99A075D3F180D9D73650A64 /* [CP] Embed Pods Frameworks */ = {
			isa = PBXShellScriptBuildPhase;
			buildActionMask = 2147483647;
			files = (
			);
			inputFileListPaths = (
			);
			inputPaths = (
				"${PODS_ROOT}/Target Support Files/Pods-TumblrClone/Pods-TumblrClone-frameworks.sh",
				"${BUILT_PRODUCTS_DIR}/Alamofire/Alamofire.framework",
				"${BUILT_PRODUCTS_DIR}/AlamofireImage/AlamofireImage.framework",
			);
			name = "[CP] Embed Pods Frameworks";
			outputFileListPaths = (
			);
			outputPaths = (
				"${TARGET_BUILD_DIR}/${FRAMEWORKS_FOLDER_PATH}/Alamofire.framework",
				"${TARGET_BUILD_DIR}/${FRAMEWORKS_FOLDER_PATH}/AlamofireImage.framework",
			);
			runOnlyForDeploymentPostprocessing = 0;
			shellPath = /bin/sh;
			shellScript = "\"${PODS_ROOT}/Target Support Files/Pods-TumblrClone/Pods-TumblrClone-frameworks.sh\"\n";
			showEnvVarsInLog = 0;
		};
/* End PBXShellScriptBuildPhase section */

/* Begin PBXSourcesBuildPhase section */
		6B0ABDF9221BC87F003901CF /* Sources */ = {
			isa = PBXSourcesBuildPhase;
			buildActionMask = 2147483647;
			files = (
				6B242864222867EA005EDBF4 /* PhotoDetailsViewController.swift in Sources */,
				6B0ABE01221BC87F003901CF /* AppDelegate.swift in Sources */,
				6B0ABE1B221BD502003901CF /* PhotoCell.swift in Sources */,
				6B0ABE13221BC8BD003901CF /* PhotosViewController.swift in Sources */,
			);
			runOnlyForDeploymentPostprocessing = 0;
		};
/* End PBXSourcesBuildPhase section */

/* Begin PBXVariantGroup section */
		6B0ABE04221BC87F003901CF /* Main.storyboard */ = {
			isa = PBXVariantGroup;
			children = (
				6B0ABE05221BC87F003901CF /* Base */,
			);
			name = Main.storyboard;
			sourceTree = "<group>";
		};
		6B0ABE09221BC881003901CF /* LaunchScreen.storyboard */ = {
			isa = PBXVariantGroup;
			children = (
				6B0ABE0A221BC881003901CF /* Base */,
			);
			name = LaunchScreen.storyboard;
			sourceTree = "<group>";
		};
/* End PBXVariantGroup section */

/* Begin XCBuildConfiguration section */
		6B0ABE0D221BC881003901CF /* Debug */ = {
			isa = XCBuildConfiguration;
			buildSettings = {
				ALWAYS_SEARCH_USER_PATHS = NO;
				CLANG_ANALYZER_NONNULL = YES;
				CLANG_ANALYZER_NUMBER_OBJECT_CONVERSION = YES_AGGRESSIVE;
				CLANG_CXX_LANGUAGE_STANDARD = "gnu++14";
				CLANG_CXX_LIBRARY = "libc++";
				CLANG_ENABLE_MODULES = YES;
				CLANG_ENABLE_OBJC_ARC = YES;
				CLANG_ENABLE_OBJC_WEAK = YES;
				CLANG_WARN_BLOCK_CAPTURE_AUTORELEASING = YES;
				CLANG_WARN_BOOL_CONVERSION = YES;
				CLANG_WARN_COMMA = YES;
				CLANG_WARN_CONSTANT_CONVERSION = YES;
				CLANG_WARN_DEPRECATED_OBJC_IMPLEMENTATIONS = YES;
				CLANG_WARN_DIRECT_OBJC_ISA_USAGE = YES_ERROR;
				CLANG_WARN_DOCUMENTATION_COMMENTS = YES;
				CLANG_WARN_EMPTY_BODY = YES;
				CLANG_WARN_ENUM_CONVERSION = YES;
				CLANG_WARN_INFINITE_RECURSION = YES;
				CLANG_WARN_INT_CONVERSION = YES;
				CLANG_WARN_NON_LITERAL_NULL_CONVERSION = YES;
				CLANG_WARN_OBJC_IMPLICIT_RETAIN_SELF = YES;
				CLANG_WARN_OBJC_LITERAL_CONVERSION = YES;
				CLANG_WARN_OBJC_ROOT_CLASS = YES_ERROR;
				CLANG_WARN_RANGE_LOOP_ANALYSIS = YES;
				CLANG_WARN_STRICT_PROTOTYPES = YES;
				CLANG_WARN_SUSPICIOUS_MOVE = YES;
				CLANG_WARN_UNGUARDED_AVAILABILITY = YES_AGGRESSIVE;
				CLANG_WARN_UNREACHABLE_CODE = YES;
				CLANG_WARN__DUPLICATE_METHOD_MATCH = YES;
				CODE_SIGN_IDENTITY = "iPhone Developer";
				COPY_PHASE_STRIP = NO;
				DEBUG_INFORMATION_FORMAT = dwarf;
				ENABLE_STRICT_OBJC_MSGSEND = YES;
				ENABLE_TESTABILITY = YES;
				GCC_C_LANGUAGE_STANDARD = gnu11;
				GCC_DYNAMIC_NO_PIC = NO;
				GCC_NO_COMMON_BLOCKS = YES;
				GCC_OPTIMIZATION_LEVEL = 0;
				GCC_PREPROCESSOR_DEFINITIONS = (
					"DEBUG=1",
					"$(inherited)",
				);
				GCC_WARN_64_TO_32_BIT_CONVERSION = YES;
				GCC_WARN_ABOUT_RETURN_TYPE = YES_ERROR;
				GCC_WARN_UNDECLARED_SELECTOR = YES;
				GCC_WARN_UNINITIALIZED_AUTOS = YES_AGGRESSIVE;
				GCC_WARN_UNUSED_FUNCTION = YES;
				GCC_WARN_UNUSED_VARIABLE = YES;
				IPHONEOS_DEPLOYMENT_TARGET = 12.1;
				MTL_ENABLE_DEBUG_INFO = INCLUDE_SOURCE;
				MTL_FAST_MATH = YES;
				ONLY_ACTIVE_ARCH = YES;
				SDKROOT = iphoneos;
				SWIFT_ACTIVE_COMPILATION_CONDITIONS = DEBUG;
				SWIFT_OPTIMIZATION_LEVEL = "-Onone";
			};
			name = Debug;
		};
		6B0ABE0E221BC881003901CF /* Release */ = {
			isa = XCBuildConfiguration;
			buildSettings = {
				ALWAYS_SEARCH_USER_PATHS = NO;
				CLANG_ANALYZER_NONNULL = YES;
				CLANG_ANALYZER_NUMBER_OBJECT_CONVERSION = YES_AGGRESSIVE;
				CLANG_CXX_LANGUAGE_STANDARD = "gnu++14";
				CLANG_CXX_LIBRARY = "libc++";
				CLANG_ENABLE_MODULES = YES;
				CLANG_ENABLE_OBJC_ARC = YES;
				CLANG_ENABLE_OBJC_WEAK = YES;
				CLANG_WARN_BLOCK_CAPTURE_AUTORELEASING = YES;
				CLANG_WARN_BOOL_CONVERSION = YES;
				CLANG_WARN_COMMA = YES;
				CLANG_WARN_CONSTANT_CONVERSION = YES;
				CLANG_WARN_DEPRECATED_OBJC_IMPLEMENTATIONS = YES;
				CLANG_WARN_DIRECT_OBJC_ISA_USAGE = YES_ERROR;
				CLANG_WARN_DOCUMENTATION_COMMENTS = YES;
				CLANG_WARN_EMPTY_BODY = YES;
				CLANG_WARN_ENUM_CONVERSION = YES;
				CLANG_WARN_INFINITE_RECURSION = YES;
				CLANG_WARN_INT_CONVERSION = YES;
				CLANG_WARN_NON_LITERAL_NULL_CONVERSION = YES;
				CLANG_WARN_OBJC_IMPLICIT_RETAIN_SELF = YES;
				CLANG_WARN_OBJC_LITERAL_CONVERSION = YES;
				CLANG_WARN_OBJC_ROOT_CLASS = YES_ERROR;
				CLANG_WARN_RANGE_LOOP_ANALYSIS = YES;
				CLANG_WARN_STRICT_PROTOTYPES = YES;
				CLANG_WARN_SUSPICIOUS_MOVE = YES;
				CLANG_WARN_UNGUARDED_AVAILABILITY = YES_AGGRESSIVE;
				CLANG_WARN_UNREACHABLE_CODE = YES;
				CLANG_WARN__DUPLICATE_METHOD_MATCH = YES;
				CODE_SIGN_IDENTITY = "iPhone Developer";
				COPY_PHASE_STRIP = NO;
				DEBUG_INFORMATION_FORMAT = "dwarf-with-dsym";
				ENABLE_NS_ASSERTIONS = NO;
				ENABLE_STRICT_OBJC_MSGSEND = YES;
				GCC_C_LANGUAGE_STANDARD = gnu11;
				GCC_NO_COMMON_BLOCKS = YES;
				GCC_WARN_64_TO_32_BIT_CONVERSION = YES;
				GCC_WARN_ABOUT_RETURN_TYPE = YES_ERROR;
				GCC_WARN_UNDECLARED_SELECTOR = YES;
				GCC_WARN_UNINITIALIZED_AUTOS = YES_AGGRESSIVE;
				GCC_WARN_UNUSED_FUNCTION = YES;
				GCC_WARN_UNUSED_VARIABLE = YES;
				IPHONEOS_DEPLOYMENT_TARGET = 12.1;
				MTL_ENABLE_DEBUG_INFO = NO;
				MTL_FAST_MATH = YES;
				SDKROOT = iphoneos;
				SWIFT_COMPILATION_MODE = wholemodule;
				SWIFT_OPTIMIZATION_LEVEL = "-O";
				VALIDATE_PRODUCT = YES;
			};
			name = Release;
		};
		6B0ABE10221BC881003901CF /* Debug */ = {
			isa = XCBuildConfiguration;
			baseConfigurationReference = FF775743314CF4D76924616E /* Pods-TumblrClone.debug.xcconfig */;
			buildSettings = {
				ASSETCATALOG_COMPILER_APPICON_NAME = AppIcon;
				CODE_SIGN_STYLE = Automatic;
				DEVELOPMENT_TEAM = VQD57JJ22G;
				INFOPLIST_FILE = TumblrClone/Info.plist;
				LD_RUNPATH_SEARCH_PATHS = (
					"$(inherited)",
					"@executable_path/Frameworks",
				);
				PRODUCT_BUNDLE_IDENTIFIER = VAMREDU.TumblrClone;
				PRODUCT_NAME = "$(TARGET_NAME)";
				SWIFT_VERSION = 4.2;
				TARGETED_DEVICE_FAMILY = "1,2";
			};
			name = Debug;
		};
		6B0ABE11221BC881003901CF /* Release */ = {
			isa = XCBuildConfiguration;
			baseConfigurationReference = C1BE69AA3E479CF25F425AE0 /* Pods-TumblrClone.release.xcconfig */;
			buildSettings = {
				ASSETCATALOG_COMPILER_APPICON_NAME = AppIcon;
				CODE_SIGN_STYLE = Automatic;
				DEVELOPMENT_TEAM = VQD57JJ22G;
				INFOPLIST_FILE = TumblrClone/Info.plist;
				LD_RUNPATH_SEARCH_PATHS = (
					"$(inherited)",
					"@executable_path/Frameworks",
				);
				PRODUCT_BUNDLE_IDENTIFIER = VAMREDU.TumblrClone;
				PRODUCT_NAME = "$(TARGET_NAME)";
				SWIFT_VERSION = 4.2;
				TARGETED_DEVICE_FAMILY = "1,2";
			};
			name = Release;
		};
/* End XCBuildConfiguration section */

/* Begin XCConfigurationList section */
		6B0ABDF8221BC87F003901CF /* Build configuration list for PBXProject "TumblrClone" */ = {
			isa = XCConfigurationList;
			buildConfigurations = (
				6B0ABE0D221BC881003901CF /* Debug */,
				6B0ABE0E221BC881003901CF /* Release */,
			);
			defaultConfigurationIsVisible = 0;
			defaultConfigurationName = Release;
		};
		6B0ABE0F221BC881003901CF /* Build configuration list for PBXNativeTarget "TumblrClone" */ = {
			isa = XCConfigurationList;
			buildConfigurations = (
				6B0ABE10221BC881003901CF /* Debug */,
				6B0ABE11221BC881003901CF /* Release */,
			);
			defaultConfigurationIsVisible = 0;
			defaultConfigurationName = Release;
		};
/* End XCConfigurationList section */
	};
	rootObject = 6B0ABDF5221BC87F003901CF /* Project object */;
}
